
Microsoft Visual Studio Solution File, Format Version 12.00
# Visual Studio 15
VisualStudioVersion = 15.0.28307.329
MinimumVisualStudioVersion = 10.0.40219.1
Project("{FAE04EC0-301F-11D3-BF4B-00C04F79EFBC}") = "ConsoleApp1", "ConsoleApp1\ConsoleApp1.csproj", "{3237BB2F-916A-493A-BC63-8651D5C23E75}"
	ProjectSection(ProjectDependencies) = postProject
		{3B2ECE54-6F12-4394-83F3-BF8D2DC005E9} = {3B2ECE54-6F12-4394-83F3-BF8D2DC005E9}
		{513E9591-D11F-41A2-ACD2-71B75904C603} = {513E9591-D11F-41A2-ACD2-71B75904C603}
	EndProjectSection
EndProject
Project("{8BC9CEB8-8B4A-11D0-8D11-00A0C91BC942}") = "Dll1", "Dll1\Dll1.vcxproj", "{3B2ECE54-6F12-4394-83F3-BF8D2DC005E9}"
EndProject
Project("{8BC9CEB8-8B4A-11D0-8D11-00A0C91BC942}") = "ConsoleApplication1", "ConsoleApplication1\ConsoleApplication1.vcxproj", "{513E9591-D11F-41A2-ACD2-71B75904C603}"
EndProject
Global
	GlobalSection(SolutionConfigurationPlatforms) = preSolution
		Debug|Any CPU = Debug|Any CPU
		Debug|x64 = Debug|x64
		Debug|x86 = Debug|x86
		Release|Any CPU = Release|Any CPU
		Release|x64 = Release|x64
		Release|x86 = Release|x86
	EndGlobalSection
	GlobalSection(ProjectConfigurationPlatforms) = postSolution
		{3237BB2F-916A-493A-BC63-8651D5C23E75}.Debug|Any CPU.ActiveCfg = Debug|Any CPU
		{3237BB2F-916A-493A-BC63-8651D5C23E75}.Debug|Any CPU.Build.0 = Debug|Any CPU
		{3237BB2F-916A-493A-BC63-8651D5C23E75}.Debug|x64.ActiveCfg = Debug|Any CPU
		{3237BB2F-916A-493A-BC63-8651D5C23E75}.Debug|x64.Build.0 = Debug|Any CPU
		{3237BB2F-916A-493A-BC63-8651D5C23E75}.Debug|x86.ActiveCfg = Debug|Any CPU
		{3237BB2F-916A-493A-BC63-8651D5C23E75}.Debug|x86.Build.0 = Debug|Any CPU
		{3237BB2F-916A-493A-BC63-8651D5C23E75}.Release|Any CPU.ActiveCfg = Release|Any CPU
		{3237BB2F-916A-493A-BC63-8651D5C23E75}.Release|Any CPU.Build.0 = Release|Any CPU
		{3237BB2F-916A-493A-BC63-8651D5C23E75}.Release|x64.ActiveCfg = Release|Any CPU
		{3237BB2F-916A-493A-BC63-8651D5C23E75}.Release|x64.Build.0 = Release|Any CPU
		{3237BB2F-916A-493A-BC63-8651D5C23E75}.Release|x86.ActiveCfg = Release|Any CPU
		{3237BB2F-916A-493A-BC63-8651D5C23E75}.Release|x86.Build.0 = Release|Any CPU
		{3B2ECE54-6F12-4394-83F3-BF8D2DC005E9}.Debug|Any CPU.ActiveCfg = Debug|Win32
		{3B2ECE54-6F12-4394-83F3-BF8D2DC005E9}.Debug|x64.ActiveCfg = Debug|Win32
		{3B2ECE54-6F12-4394-83F3-BF8D2DC005E9}.Debug|x64.Build.0 = Debug|Win32
		{3B2ECE54-6F12-4394-83F3-BF8D2DC005E9}.Debug|x86.ActiveCfg = Debug|Win32
		{3B2ECE54-6F12-4394-83F3-BF8D2DC005E9}.Debug|x86.Build.0 = Debug|Win32
		{3B2ECE54-6F12-4394-83F3-BF8D2DC005E9}.Release|Any CPU.ActiveCfg = Release|Win32
		{3B2ECE54-6F12-4394-83F3-BF8D2DC005E9}.Release|x64.ActiveCfg = Release|x64
		{3B2ECE54-6F12-4394-83F3-BF8D2DC005E9}.Release|x64.Build.0 = Release|x64
		{3B2ECE54-6F12-4394-83F3-BF8D2DC005E9}.Release|x86.ActiveCfg = Release|Win32
		{3B2ECE54-6F12-4394-83F3-BF8D2DC005E9}.Release|x86.Build.0 = Release|Win32
		{513E9591-D11F-41A2-ACD2-71B75904C603}.Debug|Any CPU.ActiveCfg = Debug|Win32
		{513E9591-D11F-41A2-ACD2-71B75904C603}.Debug|x64.ActiveCfg = Debug|x64
		{513E9591-D11F-41A2-ACD2-71B75904C603}.Debug|x64.Build.0 = Debug|x64
		{513E9591-D11F-41A2-ACD2-71B75904C603}.Debug|x86.ActiveCfg = Debug|Win32
		{513E9591-D11F-41A2-ACD2-71B75904C603}.Debug|x86.Build.0 = Debug|Win32
		{513E9591-D11F-41A2-ACD2-71B75904C603}.Release|Any CPU.ActiveCfg = Release|Win32
		{513E9591-D11F-41A2-ACD2-71B75904C603}.Release|x64.ActiveCfg = Release|x64
		{513E9591-D11F-41A2-ACD2-71B75904C603}.Release|x64.Build.0 = Release|x64
		{513E9591-D11F-41A2-ACD2-71B75904C603}.Release|x86.ActiveCfg = Release|Win32
		{513E9591-D11F-41A2-ACD2-71B75904C603}.Release|x86.Build.0 = Release|Win32
	EndGlobalSection
	GlobalSection(SolutionProperties) = preSolution
		HideSolutionNode = FALSE
	EndGlobalSection
	GlobalSection(ExtensibilityGlobals) = postSolution
		SolutionGuid = {91B20A22-B525-4573-B617-30EEEA185D8E}
	EndGlobalSection
EndGlobal
